
Microsoft Visual Studio Solution File, Format Version 12.00
# Visual Studio 15
VisualStudioVersion = 15.0.28010.2026
MinimumVisualStudioVersion = 10.0.40219.1
Project("{FAE04EC0-301F-11D3-BF4B-00C04F79EFBC}") = "testPersistenceWF", "testPersistenceWF\testPersistenceWF.csproj", "{841867E7-DB3F-4C61-84A4-6BAB86B88D9B}"
EndProject
Global
	GlobalSection(SolutionConfigurationPlatforms) = preSolution
		Debug|Any CPU = Debug|Any CPU
		Release|Any CPU = Release|Any CPU
	EndGlobalSection
	GlobalSection(ProjectConfigurationPlatforms) = postSolution
		{841867E7-DB3F-4C61-84A4-6BAB86B88D9B}.Debug|Any CPU.ActiveCfg = Debug|Any CPU
		{841867E7-DB3F-4C61-84A4-6BAB86B88D9B}.Debug|Any CPU.Build.0 = Debug|Any CPU
		{841867E7-DB3F-4C61-84A4-6BAB86B88D9B}.Release|Any CPU.ActiveCfg = Release|Any CPU
		{841867E7-DB3F-4C61-84A4-6BAB86B88D9B}.Release|Any CPU.Build.0 = Release|Any CPU
	EndGlobalSection
	GlobalSection(SolutionProperties) = preSolution
		HideSolutionNode = FALSE
	EndGlobalSection
	GlobalSection(ExtensibilityGlobals) = postSolution
		SolutionGuid = {E6EED043-F6A4-4645-BC4A-53463334964B}
	EndGlobalSection
EndGlobal
