
Microsoft Visual Studio Solution File, Format Version 12.00
# Visual Studio 15
VisualStudioVersion = 15.0.28010.2026
MinimumVisualStudioVersion = 10.0.40219.1
Project("{FAE04EC0-301F-11D3-BF4B-00C04F79EFBC}") = "PersistencyStraightExample", "PersistencyStraightExample\PersistencyStraightExample.csproj", "{618DF46D-A648-4E68-AABE-0840D38AAFE1}"
EndProject
Global
	GlobalSection(SolutionConfigurationPlatforms) = preSolution
		Debug|Any CPU = Debug|Any CPU
		Release|Any CPU = Release|Any CPU
	EndGlobalSection
	GlobalSection(ProjectConfigurationPlatforms) = postSolution
		{618DF46D-A648-4E68-AABE-0840D38AAFE1}.Debug|Any CPU.ActiveCfg = Debug|Any CPU
		{618DF46D-A648-4E68-AABE-0840D38AAFE1}.Debug|Any CPU.Build.0 = Debug|Any CPU
		{618DF46D-A648-4E68-AABE-0840D38AAFE1}.Release|Any CPU.ActiveCfg = Release|Any CPU
		{618DF46D-A648-4E68-AABE-0840D38AAFE1}.Release|Any CPU.Build.0 = Release|Any CPU
	EndGlobalSection
	GlobalSection(SolutionProperties) = preSolution
		HideSolutionNode = FALSE
	EndGlobalSection
	GlobalSection(ExtensibilityGlobals) = postSolution
		SolutionGuid = {CC892081-909B-41CC-B76B-B6133875B6FB}
	EndGlobalSection
EndGlobal
