
Microsoft Visual Studio Solution File, Format Version 12.00
# Visual Studio 15
VisualStudioVersion = 15.0.28010.2026
MinimumVisualStudioVersion = 10.0.40219.1
Project("{FAE04EC0-301F-11D3-BF4B-00C04F79EFBC}") = "WorkflowCalculator_client", "WorkflowCalculator_client\WorkflowCalculator_client.csproj", "{953B31E5-35D9-4BB1-87E0-3E437EDF63A5}"
EndProject
Global
	GlobalSection(SolutionConfigurationPlatforms) = preSolution
		Debug|Any CPU = Debug|Any CPU
		Release|Any CPU = Release|Any CPU
	EndGlobalSection
	GlobalSection(ProjectConfigurationPlatforms) = postSolution
		{953B31E5-35D9-4BB1-87E0-3E437EDF63A5}.Debug|Any CPU.ActiveCfg = Debug|Any CPU
		{953B31E5-35D9-4BB1-87E0-3E437EDF63A5}.Debug|Any CPU.Build.0 = Debug|Any CPU
		{953B31E5-35D9-4BB1-87E0-3E437EDF63A5}.Release|Any CPU.ActiveCfg = Release|Any CPU
		{953B31E5-35D9-4BB1-87E0-3E437EDF63A5}.Release|Any CPU.Build.0 = Release|Any CPU
	EndGlobalSection
	GlobalSection(SolutionProperties) = preSolution
		HideSolutionNode = FALSE
	EndGlobalSection
	GlobalSection(ExtensibilityGlobals) = postSolution
		SolutionGuid = {836A0496-749E-4457-8D8E-A251DF0F9068}
	EndGlobalSection
EndGlobal
