
Microsoft Visual Studio Solution File, Format Version 12.00
# Visual Studio 15
VisualStudioVersion = 15.0.28010.2026
MinimumVisualStudioVersion = 10.0.40219.1
Project("{FAE04EC0-301F-11D3-BF4B-00C04F79EFBC}") = "Whatsapp", "Whatsapp\Whatsapp.csproj", "{71FF45E1-6A83-4E76-9AA1-87EBFC73A47D}"
EndProject
Global
	GlobalSection(SolutionConfigurationPlatforms) = preSolution
		Debug|Any CPU = Debug|Any CPU
		Release|Any CPU = Release|Any CPU
	EndGlobalSection
	GlobalSection(ProjectConfigurationPlatforms) = postSolution
		{71FF45E1-6A83-4E76-9AA1-87EBFC73A47D}.Debug|Any CPU.ActiveCfg = Debug|Any CPU
		{71FF45E1-6A83-4E76-9AA1-87EBFC73A47D}.Debug|Any CPU.Build.0 = Debug|Any CPU
		{71FF45E1-6A83-4E76-9AA1-87EBFC73A47D}.Release|Any CPU.ActiveCfg = Release|Any CPU
		{71FF45E1-6A83-4E76-9AA1-87EBFC73A47D}.Release|Any CPU.Build.0 = Release|Any CPU
	EndGlobalSection
	GlobalSection(SolutionProperties) = preSolution
		HideSolutionNode = FALSE
	EndGlobalSection
	GlobalSection(ExtensibilityGlobals) = postSolution
		SolutionGuid = {C65AF3B5-9A88-45F0-9D4A-5037C497ED47}
	EndGlobalSection
EndGlobal
